
Microsoft Visual Studio Solution File, Format Version 12.00
# Visual Studio Version 16
VisualStudioVersion = 16.0.31019.35
MinimumVisualStudioVersion = 10.0.40219.1
Project("{FAE04EC0-301F-11D3-BF4B-00C04F79EFBC}") = "SumiPet.Web", "SumiPet.Web\SumiPet.Web.csproj", "{66AC0A1D-9A44-485D-A95C-DB84FF603CBF}"
EndProject
Project("{FAE04EC0-301F-11D3-BF4B-00C04F79EFBC}") = "SumiPet.Core", "SumiPet.Core\SumiPet.Core.csproj", "{27BF6901-B19E-4FBB-B8F0-ACE84425AA8E}"
EndProject
Global
	GlobalSection(SolutionConfigurationPlatforms) = preSolution
		Debug|Any CPU = Debug|Any CPU
		Release|Any CPU = Release|Any CPU
	EndGlobalSection
	GlobalSection(ProjectConfigurationPlatforms) = postSolution
		{66AC0A1D-9A44-485D-A95C-DB84FF603CBF}.Debug|Any CPU.ActiveCfg = Debug|Any CPU
		{66AC0A1D-9A44-485D-A95C-DB84FF603CBF}.Debug|Any CPU.Build.0 = Debug|Any CPU
		{66AC0A1D-9A44-485D-A95C-DB84FF603CBF}.Release|Any CPU.ActiveCfg = Release|Any CPU
		{66AC0A1D-9A44-485D-A95C-DB84FF603CBF}.Release|Any CPU.Build.0 = Release|Any CPU
		{27BF6901-B19E-4FBB-B8F0-ACE84425AA8E}.Debug|Any CPU.ActiveCfg = Debug|Any CPU
		{27BF6901-B19E-4FBB-B8F0-ACE84425AA8E}.Debug|Any CPU.Build.0 = Debug|Any CPU
		{27BF6901-B19E-4FBB-B8F0-ACE84425AA8E}.Release|Any CPU.ActiveCfg = Release|Any CPU
		{27BF6901-B19E-4FBB-B8F0-ACE84425AA8E}.Release|Any CPU.Build.0 = Release|Any CPU
	EndGlobalSection
	GlobalSection(SolutionProperties) = preSolution
		HideSolutionNode = FALSE
	EndGlobalSection
	GlobalSection(ExtensibilityGlobals) = postSolution
		SolutionGuid = {7162C010-DAF9-46AC-9B62-3B58B631ABD6}
	EndGlobalSection
EndGlobal
